
Microsoft Visual Studio Solution File, Format Version 12.00
# Visual Studio Version 16
VisualStudioVersion = 16.0.33027.164
MinimumVisualStudioVersion = 10.0.40219.1
Project("{FAE04EC0-301F-11D3-BF4B-00C04F79EFBC}") = "lab1ex6", "lab1ex6\lab1ex6.csproj", "{E25F8468-096D-4BDD-A3B3-36CF675F91D5}"
EndProject
Global
	GlobalSection(SolutionConfigurationPlatforms) = preSolution
		Debug|Any CPU = Debug|Any CPU
		Release|Any CPU = Release|Any CPU
	EndGlobalSection
	GlobalSection(ProjectConfigurationPlatforms) = postSolution
		{E25F8468-096D-4BDD-A3B3-36CF675F91D5}.Debug|Any CPU.ActiveCfg = Debug|Any CPU
		{E25F8468-096D-4BDD-A3B3-36CF675F91D5}.Debug|Any CPU.Build.0 = Debug|Any CPU
		{E25F8468-096D-4BDD-A3B3-36CF675F91D5}.Release|Any CPU.ActiveCfg = Release|Any CPU
		{E25F8468-096D-4BDD-A3B3-36CF675F91D5}.Release|Any CPU.Build.0 = Release|Any CPU
	EndGlobalSection
	GlobalSection(SolutionProperties) = preSolution
		HideSolutionNode = FALSE
	EndGlobalSection
	GlobalSection(ExtensibilityGlobals) = postSolution
		SolutionGuid = {C04A8241-485B-4AA1-884D-0288B158A1D7}
	EndGlobalSection
EndGlobal
